
Microsoft Visual Studio Solution File, Format Version 12.00
Project("{FAE04EC0-301F-11D3-BF4B-00C04F79EFBC}") = "Budgi.Server", "Budgi.Server\Budgi.Server.csproj", "{76CE5427-A574-4FC7-8D3E-B54E6F28209D}"
EndProject
Global
	GlobalSection(SolutionConfigurationPlatforms) = preSolution
		Debug|Any CPU = Debug|Any CPU
		Release|Any CPU = Release|Any CPU
	EndGlobalSection
	GlobalSection(ProjectConfigurationPlatforms) = postSolution
		{76CE5427-A574-4FC7-8D3E-B54E6F28209D}.Debug|Any CPU.ActiveCfg = Debug|Any CPU
		{76CE5427-A574-4FC7-8D3E-B54E6F28209D}.Debug|Any CPU.Build.0 = Debug|Any CPU
		{76CE5427-A574-4FC7-8D3E-B54E6F28209D}.Release|Any CPU.ActiveCfg = Release|Any CPU
		{76CE5427-A574-4FC7-8D3E-B54E6F28209D}.Release|Any CPU.Build.0 = Release|Any CPU
	EndGlobalSection
EndGlobal
